// !$*UTF8*$!
{
	archiveVersion = 1;
	classes = {
	};
	objectVersion = 46;
	objects = {

/* Begin PBXBuildFile section */
		68BC076E1DF3F50C004C61AD /* AppDelegate.swift in Sources */ = {isa = PBXBuildFile; fileRef = 68BC076D1DF3F50C004C61AD /* AppDelegate.swift */; };
		68BC07701DF3F50C004C61AD /* ViewController.swift in Sources */ = {isa = PBXBuildFile; fileRef = 68BC076F1DF3F50C004C61AD /* ViewController.swift */; };
		68BC07731DF3F50C004C61AD /* Main.storyboard in Resources */ = {isa = PBXBuildFile; fileRef = 68BC07711DF3F50C004C61AD /* Main.storyboard */; };
		68BC07751DF3F50C004C61AD /* Assets.xcassets in Resources */ = {isa = PBXBuildFile; fileRef = 68BC07741DF3F50C004C61AD /* Assets.xcassets */; };
		68BC07781DF3F50C004C61AD /* LaunchScreen.storyboard in Resources */ = {isa = PBXBuildFile; fileRef = 68BC07761DF3F50C004C61AD /* LaunchScreen.storyboard */; };
		68BC07841DF3F5BE004C61AD /* background.jpg in Resources */ = {isa = PBXBuildFile; fileRef = 68BC07801DF3F5BE004C61AD /* background.jpg */; };
		68BC07851DF3F5BE004C61AD /* omikuji_body.png in Resources */ = {isa = PBXBuildFile; fileRef = 68BC07811DF3F5BE004C61AD /* omikuji_body.png */; };
		68BC07861DF3F5BE004C61AD /* omikuji_head.png in Resources */ = {isa = PBXBuildFile; fileRef = 68BC07821DF3F5BE004C61AD /* omikuji_head.png */; };
		68BC07871DF3F5BE004C61AD /* omikuji_stick.png in Resources */ = {isa = PBXBuildFile; fileRef = 68BC07831DF3F5BE004C61AD /* omikuji_stick.png */; };
		68BC078B1DFB0973004C61AD /* down.mp3 in Resources */ = {isa = PBXBuildFile; fileRef = 68BC07891DFB0973004C61AD /* down.mp3 */; };
		68BC078C1DFB0973004C61AD /* lucky.mp3 in Resources */ = {isa = PBXBuildFile; fileRef = 68BC078A1DFB0973004C61AD /* lucky.mp3 */; };
		68BC07921DFD6A81004C61AD /* chukichi.mp3 in Resources */ = {isa = PBXBuildFile; fileRef = 68BC078D1DFD6A81004C61AD /* chukichi.mp3 */; };
		68BC07931DFD6A81004C61AD /* kichi.mp3 in Resources */ = {isa = PBXBuildFile; fileRef = 68BC078E1DFD6A81004C61AD /* kichi.mp3 */; };
		68BC07941DFD6A81004C61AD /* kyo.mp3 in Resources */ = {isa = PBXBuildFile; fileRef = 68BC078F1DFD6A81004C61AD /* kyo.mp3 */; };
		68BC07951DFD6A81004C61AD /* shokichi.mp3 in Resources */ = {isa = PBXBuildFile; fileRef = 68BC07901DFD6A81004C61AD /* shokichi.mp3 */; };
		68BC07961DFD6A81004C61AD /* suekichi.mp3 in Resources */ = {isa = PBXBuildFile; fileRef = 68BC07911DFD6A81004C61AD /* suekichi.mp3 */; };
/* End PBXBuildFile section */

/* Begin PBXFileReference section */
		68BC076A1DF3F50C004C61AD /* omikuji20161205.app */ = {isa = PBXFileReference; explicitFileType = wrapper.application; includeInIndex = 0; path = omikuji20161205.app; sourceTree = BUILT_PRODUCTS_DIR; };
		68BC076D1DF3F50C004C61AD /* AppDelegate.swift */ = {isa = PBXFileReference; lastKnownFileType = sourcecode.swift; path = AppDelegate.swift; sourceTree = "<group>"; };
		68BC076F1DF3F50C004C61AD /* ViewController.swift */ = {isa = PBXFileReference; lastKnownFileType = sourcecode.swift; path = ViewController.swift; sourceTree = "<group>"; };
		68BC07721DF3F50C004C61AD /* Base */ = {isa = PBXFileReference; lastKnownFileType = file.storyboard; name = Base; path = Base.lproj/Main.storyboard; sourceTree = "<group>"; };
		68BC07741DF3F50C004C61AD /* Assets.xcassets */ = {isa = PBXFileReference; lastKnownFileType = folder.assetcatalog; path = Assets.xcassets; sourceTree = "<group>"; };
		68BC07771DF3F50C004C61AD /* Base */ = {isa = PBXFileReference; lastKnownFileType = file.storyboard; name = Base; path = Base.lproj/LaunchScreen.storyboard; sourceTree = "<group>"; };
		68BC07791DF3F50C004C61AD /* Info.plist */ = {isa = PBXFileReference; lastKnownFileType = text.plist.xml; path = Info.plist; sourceTree = "<group>"; };
		68BC07801DF3F5BE004C61AD /* background.jpg */ = {isa = PBXFileReference; lastKnownFileType = image.jpeg; path = background.jpg; sourceTree = "<group>"; };
		68BC07811DF3F5BE004C61AD /* omikuji_body.png */ = {isa = PBXFileReference; lastKnownFileType = image.png; path = omikuji_body.png; sourceTree = "<group>"; };
		68BC07821DF3F5BE004C61AD /* omikuji_head.png */ = {isa = PBXFileReference; lastKnownFileType = image.png; path = omikuji_head.png; sourceTree = "<group>"; };
		68BC07831DF3F5BE004C61AD /* omikuji_stick.png */ = {isa = PBXFileReference; lastKnownFileType = image.png; path = omikuji_stick.png; sourceTree = "<group>"; };
		68BC07891DFB0973004C61AD /* down.mp3 */ = {isa = PBXFileReference; lastKnownFileType = audio.mp3; path = down.mp3; sourceTree = "<group>"; };
		68BC078A1DFB0973004C61AD /* lucky.mp3 */ = {isa = PBXFileReference; lastKnownFileType = audio.mp3; path = lucky.mp3; sourceTree = "<group>"; };
		68BC078D1DFD6A81004C61AD /* chukichi.mp3 */ = {isa = PBXFileReference; lastKnownFileType = audio.mp3; path = chukichi.mp3; sourceTree = "<group>"; };
		68BC078E1DFD6A81004C61AD /* kichi.mp3 */ = {isa = PBXFileReference; lastKnownFileType = audio.mp3; path = kichi.mp3; sourceTree = "<group>"; };
		68BC078F1DFD6A81004C61AD /* kyo.mp3 */ = {isa = PBXFileReference; lastKnownFileType = audio.mp3; path = kyo.mp3; sourceTree = "<group>"; };
		68BC07901DFD6A81004C61AD /* shokichi.mp3 */ = {isa = PBXFileReference; lastKnownFileType = audio.mp3; path = shokichi.mp3; sourceTree = "<group>"; };
		68BC07911DFD6A81004C61AD /* suekichi.mp3 */ = {isa = PBXFileReference; lastKnownFileType = audio.mp3; path = suekichi.mp3; sourceTree = "<group>"; };
/* End PBXFileReference section */

/* Begin PBXFrameworksBuildPhase section */
		68BC07671DF3F50C004C61AD /* Frameworks */ = {
			isa = PBXFrameworksBuildPhase;
			buildActionMask = 2147483647;
			files = (
			);
			runOnlyForDeploymentPostprocessing = 0;
		};
/* End PBXFrameworksBuildPhase section */

/* Begin PBXGroup section */
		68BC07611DF3F50C004C61AD = {
			isa = PBXGroup;
			children = (
				68BC076C1DF3F50C004C61AD /* omikuji20161205 */,
				68BC076B1DF3F50C004C61AD /* Products */,
			);
			sourceTree = "<group>";
		};
		68BC076B1DF3F50C004C61AD /* Products */ = {
			isa = PBXGroup;
			children = (
				68BC076A1DF3F50C004C61AD /* omikuji20161205.app */,
			);
			name = Products;
			sourceTree = "<group>";
		};
		68BC076C1DF3F50C004C61AD /* omikuji20161205 */ = {
			isa = PBXGroup;
			children = (
				68BC07881DFB0973004C61AD /* sound */,
				68BC077F1DF3F5BE004C61AD /* image */,
				68BC076D1DF3F50C004C61AD /* AppDelegate.swift */,
				68BC076F1DF3F50C004C61AD /* ViewController.swift */,
				68BC07711DF3F50C004C61AD /* Main.storyboard */,
				68BC07741DF3F50C004C61AD /* Assets.xcassets */,
				68BC07761DF3F50C004C61AD /* LaunchScreen.storyboard */,
				68BC07791DF3F50C004C61AD /* Info.plist */,
			);
			path = omikuji20161205;
			sourceTree = "<group>";
		};
		68BC077F1DF3F5BE004C61AD /* image */ = {
			isa = PBXGroup;
			children = (
				68BC07801DF3F5BE004C61AD /* background.jpg */,
				68BC07811DF3F5BE004C61AD /* omikuji_body.png */,
				68BC07821DF3F5BE004C61AD /* omikuji_head.png */,
				68BC07831DF3F5BE004C61AD /* omikuji_stick.png */,
			);
			path = image;
			sourceTree = "<group>";
		};
		68BC07881DFB0973004C61AD /* sound */ = {
			isa = PBXGroup;
			children = (
				68BC078D1DFD6A81004C61AD /* chukichi.mp3 */,
				68BC078E1DFD6A81004C61AD /* kichi.mp3 */,
				68BC078F1DFD6A81004C61AD /* kyo.mp3 */,
				68BC07901DFD6A81004C61AD /* shokichi.mp3 */,
				68BC07911DFD6A81004C61AD /* suekichi.mp3 */,
				68BC07891DFB0973004C61AD /* down.mp3 */,
				68BC078A1DFB0973004C61AD /* lucky.mp3 */,
			);
			path = sound;
			sourceTree = "<group>";
		};
/* End PBXGroup section */

/* Begin PBXNativeTarget section */
		68BC07691DF3F50C004C61AD /* omikuji20161205 */ = {
			isa = PBXNativeTarget;
			buildConfigurationList = 68BC077C1DF3F50C004C61AD /* Build configuration list for PBXNativeTarget "omikuji20161205" */;
			buildPhases = (
				68BC07661DF3F50C004C61AD /* Sources */,
				68BC07671DF3F50C004C61AD /* Frameworks */,
				68BC07681DF3F50C004C61AD /* Resources */,
			);
			buildRules = (
			);
			dependencies = (
			);
			name = omikuji20161205;
			productName = omikuji20161205;
			productReference = 68BC076A1DF3F50C004C61AD /* omikuji20161205.app */;
			productType = "com.apple.product-type.application";
		};
/* End PBXNativeTarget section */

/* Begin PBXProject section */
		68BC07621DF3F50C004C61AD /* Project object */ = {
			isa = PBXProject;
			attributes = {
				LastSwiftUpdateCheck = 0810;
				LastUpgradeCheck = 0810;
				ORGANIZATIONNAME = "田中潤";
				TargetAttributes = {
					68BC07691DF3F50C004C61AD = {
						CreatedOnToolsVersion = 8.1;
						ProvisioningStyle = Automatic;
					};
				};
			};
			buildConfigurationList = 68BC07651DF3F50C004C61AD /* Build configuration list for PBXProject "omikuji20161205" */;
			compatibilityVersion = "Xcode 3.2";
			developmentRegion = English;
			hasScannedForEncodings = 0;
			knownRegions = (
				en,
				Base,
			);
			mainGroup = 68BC07611DF3F50C004C61AD;
			productRefGroup = 68BC076B1DF3F50C004C61AD /* Products */;
			projectDirPath = "";
			projectRoot = "";
			targets = (
				68BC07691DF3F50C004C61AD /* omikuji20161205 */,
			);
		};
/* End PBXProject section */

/* Begin PBXResourcesBuildPhase section */
		68BC07681DF3F50C004C61AD /* Resources */ = {
			isa = PBXResourcesBuildPhase;
			buildActionMask = 2147483647;
			files = (
				68BC07941DFD6A81004C61AD /* kyo.mp3 in Resources */,
				68BC07781DF3F50C004C61AD /* LaunchScreen.storyboard in Resources */,
				68BC07931DFD6A81004C61AD /* kichi.mp3 in Resources */,
				68BC07961DFD6A81004C61AD /* suekichi.mp3 in Resources */,
				68BC07841DF3F5BE004C61AD /* background.jpg in Resources */,
				68BC07871DF3F5BE004C61AD /* omikuji_stick.png in Resources */,
				68BC07851DF3F5BE004C61AD /* omikuji_body.png in Resources */,
				68BC078C1DFB0973004C61AD /* lucky.mp3 in Resources */,
				68BC07751DF3F50C004C61AD /* Assets.xcassets in Resources */,
				68BC07921DFD6A81004C61AD /* chukichi.mp3 in Resources */,
				68BC07861DF3F5BE004C61AD /* omikuji_head.png in Resources */,
				68BC07951DFD6A81004C61AD /* shokichi.mp3 in Resources */,
				68BC078B1DFB0973004C61AD /* down.mp3 in Resources */,
				68BC07731DF3F50C004C61AD /* Main.storyboard in Resources */,
			);
			runOnlyForDeploymentPostprocessing = 0;
		};
/* End PBXResourcesBuildPhase section */

/* Begin PBXSourcesBuildPhase section */
		68BC07661DF3F50C004C61AD /* Sources */ = {
			isa = PBXSourcesBuildPhase;
			buildActionMask = 2147483647;
			files = (
				68BC07701DF3F50C004C61AD /* ViewController.swift in Sources */,
				68BC076E1DF3F50C004C61AD /* AppDelegate.swift in Sources */,
			);
			runOnlyForDeploymentPostprocessing = 0;
		};
/* End PBXSourcesBuildPhase section */

/* Begin PBXVariantGroup section */
		68BC07711DF3F50C004C61AD /* Main.storyboard */ = {
			isa = PBXVariantGroup;
			children = (
				68BC07721DF3F50C004C61AD /* Base */,
			);
			name = Main.storyboard;
			sourceTree = "<group>";
		};
		68BC07761DF3F50C004C61AD /* LaunchScreen.storyboard */ = {
			isa = PBXVariantGroup;
			children = (
				68BC07771DF3F50C004C61AD /* Base */,
			);
			name = LaunchScreen.storyboard;
			sourceTree = "<group>";
		};
/* End PBXVariantGroup section */

/* Begin XCBuildConfiguration section */
		68BC077A1DF3F50C004C61AD /* Debug */ = {
			isa = XCBuildConfiguration;
			buildSettings = {
				ALWAYS_SEARCH_USER_PATHS = NO;
				CLANG_ANALYZER_NONNULL = YES;
				CLANG_CXX_LANGUAGE_STANDARD = "gnu++0x";
				CLANG_CXX_LIBRARY = "libc++";
				CLANG_ENABLE_MODULES = YES;
				CLANG_ENABLE_OBJC_ARC = YES;
				CLANG_WARN_BOOL_CONVERSION = YES;
				CLANG_WARN_CONSTANT_CONVERSION = YES;
				CLANG_WARN_DIRECT_OBJC_ISA_USAGE = YES_ERROR;
				CLANG_WARN_DOCUMENTATION_COMMENTS = YES;
				CLANG_WARN_EMPTY_BODY = YES;
				CLANG_WARN_ENUM_CONVERSION = YES;
				CLANG_WARN_INFINITE_RECURSION = YES;
				CLANG_WARN_INT_CONVERSION = YES;
				CLANG_WARN_OBJC_ROOT_CLASS = YES_ERROR;
				CLANG_WARN_SUSPICIOUS_MOVES = YES;
				CLANG_WARN_UNREACHABLE_CODE = YES;
				CLANG_WARN__DUPLICATE_METHOD_MATCH = YES;
				"CODE_SIGN_IDENTITY[sdk=iphoneos*]" = "iPhone Developer";
				COPY_PHASE_STRIP = NO;
				DEBUG_INFORMATION_FORMAT = dwarf;
				ENABLE_STRICT_OBJC_MSGSEND = YES;
				ENABLE_TESTABILITY = YES;
				GCC_C_LANGUAGE_STANDARD = gnu99;
				GCC_DYNAMIC_NO_PIC = NO;
				GCC_NO_COMMON_BLOCKS = YES;
				GCC_OPTIMIZATION_LEVEL = 0;
				GCC_PREPROCESSOR_DEFINITIONS = (
					"DEBUG=1",
					"$(inherited)",
				);
				GCC_WARN_64_TO_32_BIT_CONVERSION = YES;
				GCC_WARN_ABOUT_RETURN_TYPE = YES_ERROR;
				GCC_WARN_UNDECLARED_SELECTOR = YES;
				GCC_WARN_UNINITIALIZED_AUTOS = YES_AGGRESSIVE;
				GCC_WARN_UNUSED_FUNCTION = YES;
				GCC_WARN_UNUSED_VARIABLE = YES;
				IPHONEOS_DEPLOYMENT_TARGET = 10.1;
				MTL_ENABLE_DEBUG_INFO = YES;
				ONLY_ACTIVE_ARCH = YES;
				SDKROOT = iphoneos;
				SWIFT_ACTIVE_COMPILATION_CONDITIONS = DEBUG;
				SWIFT_OPTIMIZATION_LEVEL = "-Onone";
			};
			name = Debug;
		};
		68BC077B1DF3F50C004C61AD /* Release */ = {
			isa = XCBuildConfiguration;
			buildSettings = {
				ALWAYS_SEARCH_USER_PATHS = NO;
				CLANG_ANALYZER_NONNULL = YES;
				CLANG_CXX_LANGUAGE_STANDARD = "gnu++0x";
				CLANG_CXX_LIBRARY = "libc++";
				CLANG_ENABLE_MODULES = YES;
				CLANG_ENABLE_OBJC_ARC = YES;
				CLANG_WARN_BOOL_CONVERSION = YES;
				CLANG_WARN_CONSTANT_CONVERSION = YES;
				CLANG_WARN_DIRECT_OBJC_ISA_USAGE = YES_ERROR;
				CLANG_WARN_DOCUMENTATION_COMMENTS = YES;
				CLANG_WARN_EMPTY_BODY = YES;
				CLANG_WARN_ENUM_CONVERSION = YES;
				CLANG_WARN_INFINITE_RECURSION = YES;
				CLANG_WARN_INT_CONVERSION = YES;
				CLANG_WARN_OBJC_ROOT_CLASS = YES_ERROR;
				CLANG_WARN_SUSPICIOUS_MOVES = YES;
				CLANG_WARN_UNREACHABLE_CODE = YES;
				CLANG_WARN__DUPLICATE_METHOD_MATCH = YES;
				"CODE_SIGN_IDENTITY[sdk=iphoneos*]" = "iPhone Developer";
				COPY_PHASE_STRIP = NO;
				DEBUG_INFORMATION_FORMAT = "dwarf-with-dsym";
				ENABLE_NS_ASSERTIONS = NO;
				ENABLE_STRICT_OBJC_MSGSEND = YES;
				GCC_C_LANGUAGE_STANDARD = gnu99;
				GCC_NO_COMMON_BLOCKS = YES;
				GCC_WARN_64_TO_32_BIT_CONVERSION = YES;
				GCC_WARN_ABOUT_RETURN_TYPE = YES_ERROR;
				GCC_WARN_UNDECLARED_SELECTOR = YES;
				GCC_WARN_UNINITIALIZED_AUTOS = YES_AGGRESSIVE;
				GCC_WARN_UNUSED_FUNCTION = YES;
				GCC_WARN_UNUSED_VARIABLE = YES;
				IPHONEOS_DEPLOYMENT_TARGET = 10.1;
				MTL_ENABLE_DEBUG_INFO = NO;
				SDKROOT = iphoneos;
				SWIFT_OPTIMIZATION_LEVEL = "-Owholemodule";
				VALIDATE_PRODUCT = YES;
			};
			name = Release;
		};
		68BC077D1DF3F50C004C61AD /* Debug */ = {
			isa = XCBuildConfiguration;
			buildSettings = {
				ASSETCATALOG_COMPILER_APPICON_NAME = AppIcon;
				INFOPLIST_FILE = omikuji20161205/Info.plist;
				LD_RUNPATH_SEARCH_PATHS = "$(inherited) @executable_path/Frameworks";
				PRODUCT_BUNDLE_IDENTIFIER = com.jun.omikuji20161205;
				PRODUCT_NAME = "$(TARGET_NAME)";
				SWIFT_VERSION = 3.0;
			};
			name = Debug;
		};
		68BC077E1DF3F50C004C61AD /* Release */ = {
			isa = XCBuildConfiguration;
			buildSettings = {
				ASSETCATALOG_COMPILER_APPICON_NAME = AppIcon;
				INFOPLIST_FILE = omikuji20161205/Info.plist;
				LD_RUNPATH_SEARCH_PATHS = "$(inherited) @executable_path/Frameworks";
				PRODUCT_BUNDLE_IDENTIFIER = com.jun.omikuji20161205;
				PRODUCT_NAME = "$(TARGET_NAME)";
				SWIFT_VERSION = 3.0;
			};
			name = Release;
		};
/* End XCBuildConfiguration section */

/* Begin XCConfigurationList section */
		68BC07651DF3F50C004C61AD /* Build configuration list for PBXProject "omikuji20161205" */ = {
			isa = XCConfigurationList;
			buildConfigurations = (
				68BC077A1DF3F50C004C61AD /* Debug */,
				68BC077B1DF3F50C004C61AD /* Release */,
			);
			defaultConfigurationIsVisible = 0;
			defaultConfigurationName = Release;
		};
		68BC077C1DF3F50C004C61AD /* Build configuration list for PBXNativeTarget "omikuji20161205" */ = {
			isa = XCConfigurationList;
			buildConfigurations = (
				68BC077D1DF3F50C004C61AD /* Debug */,
				68BC077E1DF3F50C004C61AD /* Release */,
			);
			defaultConfigurationIsVisible = 0;
		};
/* End XCConfigurationList section */
	};
	rootObject = 68BC07621DF3F50C004C61AD /* Project object */;
}
